# THIS IS AN AUTOGENERATED FILE. DO NOT EDIT THIS FILE DIRECTLY.
# yarn lockfile v1


almost-equal@^1.1.0:
  version "1.1.0"
  resolved "https://registry.yarnpkg.com/almost-equal/-/almost-equal-1.1.0.tgz#f851c631138757994276aa2efbe8dfa3066cccdd"

c0lor@^0.1.0:
  version "0.1.0"
  resolved "https://registry.yarnpkg.com/c0lor/-/c0lor-0.1.0.tgz#ac981ddd2a628483b3cfbf61acc1031b3f9910c8"
  dependencies:
    m4th "0.1.0"
    ut1l "0.2.0"

"cie-rgb-converter@https://github.com/usolved/cie-rgb-converter.git":
  version "0.0.0"
  resolved "https://github.com/usolved/cie-rgb-converter.git#79a9eb81abfd8126a94ff7bee69fc8daaf79d6e1"

color-space@^1.15.0:
  version "1.15.0"
  resolved "https://registry.yarnpkg.com/color-space/-/color-space-1.15.0.tgz#2623f54c1181e0fe6e1cff0d87e24eb1040f5b0e"
  dependencies:
    husl "^5.0.0"
    mumath "^3.0.0"

husl@^5.0.0:
  version "5.0.3"
  resolved "https://registry.yarnpkg.com/husl/-/husl-5.0.3.tgz#ee272aaff1bebe40df3588ed007b70de7e679788"

m4th@0.1.0:
  version "0.1.0"
  resolved "https://registry.yarnpkg.com/m4th/-/m4th-0.1.0.tgz#16876a3bc68e7c89b0c279708aca88a06fc6e44b"
  dependencies:
    ut1l "0.2.0"

mumath@^3.0.0:
  version "3.3.4"
  resolved "https://registry.yarnpkg.com/mumath/-/mumath-3.3.4.tgz#48d4a0f0fd8cad4e7b32096ee89b161a63d30bbf"
  dependencies:
    almost-equal "^1.1.0"

ut1l@0.2.0:
  version "0.2.0"
  resolved "https://registry.yarnpkg.com/ut1l/-/ut1l-0.2.0.tgz#b116e90ac79dcd752f8f0ba3154384fa314858f9"
